
Microsoft Visual Studio Solution File, Format Version 12.00
# Visual Studio Version 17
VisualStudioVersion = 17.0.31903.59
MinimumVisualStudioVersion = 10.0.40219.1
Project("{FAE04EC0-301F-11D3-BF4B-00C04F79EFBC}") = "AsyncSrv", "AsyncSrv\AsyncSrv.csproj", "{5DF4C279-4840-4DBB-9548-82DA3029221B}"
EndProject
Project("{FAE04EC0-301F-11D3-BF4B-00C04F79EFBC}") = "MsgLib", "MsgLib\MsgLib.csproj", "{4ED86805-AFB6-42C5-B282-0E37BC4B0E0D}"
EndProject
Global
	GlobalSection(SolutionConfigurationPlatforms) = preSolution
		Debug|Any CPU = Debug|Any CPU
		Release|Any CPU = Release|Any CPU
	EndGlobalSection
	GlobalSection(SolutionProperties) = preSolution
		HideSolutionNode = FALSE
	EndGlobalSection
	GlobalSection(ProjectConfigurationPlatforms) = postSolution
		{5DF4C279-4840-4DBB-9548-82DA3029221B}.Debug|Any CPU.ActiveCfg = Debug|Any CPU
		{5DF4C279-4840-4DBB-9548-82DA3029221B}.Debug|Any CPU.Build.0 = Debug|Any CPU
		{5DF4C279-4840-4DBB-9548-82DA3029221B}.Release|Any CPU.ActiveCfg = Release|Any CPU
		{5DF4C279-4840-4DBB-9548-82DA3029221B}.Release|Any CPU.Build.0 = Release|Any CPU
		{4ED86805-AFB6-42C5-B282-0E37BC4B0E0D}.Debug|Any CPU.ActiveCfg = Debug|Any CPU
		{4ED86805-AFB6-42C5-B282-0E37BC4B0E0D}.Debug|Any CPU.Build.0 = Debug|Any CPU
		{4ED86805-AFB6-42C5-B282-0E37BC4B0E0D}.Release|Any CPU.ActiveCfg = Release|Any CPU
		{4ED86805-AFB6-42C5-B282-0E37BC4B0E0D}.Release|Any CPU.Build.0 = Release|Any CPU
	EndGlobalSection
EndGlobal
